
Microsoft Visual Studio Solution File, Format Version 12.00
# Visual Studio Version 16
VisualStudioVersion = 16.0.31321.278
MinimumVisualStudioVersion = 10.0.40219.1
Project("{9A19103F-16F7-4668-BE54-9A1E7A4F7556}") = "TrackerLibrary", "TrackerLibrary\TrackerLibrary.csproj", "{F1CB01FC-FED6-44F2-B509-2BE726699F04}"
EndProject
Project("{9A19103F-16F7-4668-BE54-9A1E7A4F7556}") = "TrackerUI", "TrackerUI\TrackerUI.csproj", "{796FC64F-8B66-493B-9A2E-CAD84562460E}"
EndProject
Project("{00D1A9C2-B5F0-4AF3-8072-F6C62B433612}") = "TournamentsSQLDatabase", "TournamentsSQLDatabase\TournamentsSQLDatabase.sqlproj", "{5985B77B-30D7-4AF9-B155-F3779D5DEC40}"
EndProject
Global
	GlobalSection(SolutionConfigurationPlatforms) = preSolution
		Debug|Any CPU = Debug|Any CPU
		Release|Any CPU = Release|Any CPU
	EndGlobalSection
	GlobalSection(ProjectConfigurationPlatforms) = postSolution
		{F1CB01FC-FED6-44F2-B509-2BE726699F04}.Debug|Any CPU.ActiveCfg = Debug|Any CPU
		{F1CB01FC-FED6-44F2-B509-2BE726699F04}.Debug|Any CPU.Build.0 = Debug|Any CPU
		{F1CB01FC-FED6-44F2-B509-2BE726699F04}.Release|Any CPU.ActiveCfg = Release|Any CPU
		{F1CB01FC-FED6-44F2-B509-2BE726699F04}.Release|Any CPU.Build.0 = Release|Any CPU
		{796FC64F-8B66-493B-9A2E-CAD84562460E}.Debug|Any CPU.ActiveCfg = Debug|Any CPU
		{796FC64F-8B66-493B-9A2E-CAD84562460E}.Debug|Any CPU.Build.0 = Debug|Any CPU
		{796FC64F-8B66-493B-9A2E-CAD84562460E}.Release|Any CPU.ActiveCfg = Release|Any CPU
		{796FC64F-8B66-493B-9A2E-CAD84562460E}.Release|Any CPU.Build.0 = Release|Any CPU
		{5985B77B-30D7-4AF9-B155-F3779D5DEC40}.Debug|Any CPU.ActiveCfg = Debug|Any CPU
		{5985B77B-30D7-4AF9-B155-F3779D5DEC40}.Debug|Any CPU.Build.0 = Debug|Any CPU
		{5985B77B-30D7-4AF9-B155-F3779D5DEC40}.Debug|Any CPU.Deploy.0 = Debug|Any CPU
		{5985B77B-30D7-4AF9-B155-F3779D5DEC40}.Release|Any CPU.ActiveCfg = Release|Any CPU
		{5985B77B-30D7-4AF9-B155-F3779D5DEC40}.Release|Any CPU.Build.0 = Release|Any CPU
		{5985B77B-30D7-4AF9-B155-F3779D5DEC40}.Release|Any CPU.Deploy.0 = Release|Any CPU
	EndGlobalSection
	GlobalSection(SolutionProperties) = preSolution
		HideSolutionNode = FALSE
	EndGlobalSection
	GlobalSection(ExtensibilityGlobals) = postSolution
		SolutionGuid = {F7A1F0EF-388A-42A6-A49D-8F73F8BB7842}
	EndGlobalSection
EndGlobal
